// !$*UTF8*$!
{
	archiveVersion = 1;
	classes = {
	};
	objectVersion = 46;
	objects = {

/* Begin PBXBuildFile section */
		309BF6E51B30275700C550FB /* main.m in Sources */ = {isa = PBXBuildFile; fileRef = 309BF6E41B30275700C550FB /* main.m */; };
		309BF6E81B30275700C550FB /* AppDelegate.m in Sources */ = {isa = PBXBuildFile; fileRef = 309BF6E71B30275700C550FB /* AppDelegate.m */; };
		309BF6EB1B30275700C550FB /* ViewController.m in Sources */ = {isa = PBXBuildFile; fileRef = 309BF6EA1B30275700C550FB /* ViewController.m */; };
		309BF6EE1B30275700C550FB /* Main.storyboard in Resources */ = {isa = PBXBuildFile; fileRef = 309BF6EC1B30275700C550FB /* Main.storyboard */; };
		309BF6F01B30275700C550FB /* Images.xcassets in Resources */ = {isa = PBXBuildFile; fileRef = 309BF6EF1B30275700C550FB /* Images.xcassets */; };
		309BF6F31B30275700C550FB /* LaunchScreen.xib in Resources */ = {isa = PBXBuildFile; fileRef = 309BF6F11B30275700C550FB /* LaunchScreen.xib */; };
		309BF6FF1B30275800C550FB /* PyhisicalAnimationStudyTests.m in Sources */ = {isa = PBXBuildFile; fileRef = 309BF6FE1B30275800C550FB /* PyhisicalAnimationStudyTests.m */; };
		309BF70A1B302DBF00C550FB /* MotionBall.m in Sources */ = {isa = PBXBuildFile; fileRef = 309BF7091B302DBF00C550FB /* MotionBall.m */; };
/* End PBXBuildFile section */

/* Begin PBXContainerItemProxy section */
		309BF6F91B30275800C550FB /* PBXContainerItemProxy */ = {
			isa = PBXContainerItemProxy;
			containerPortal = 309BF6D71B30275700C550FB /* Project object */;
			proxyType = 1;
			remoteGlobalIDString = 309BF6DE1B30275700C550FB;
			remoteInfo = PyhisicalAnimationStudy;
		};
/* End PBXContainerItemProxy section */

/* Begin PBXFileReference section */
		309BF6DF1B30275700C550FB /* PyhisicalAnimationStudy.app */ = {isa = PBXFileReference; explicitFileType = wrapper.application; includeInIndex = 0; path = PyhisicalAnimationStudy.app; sourceTree = BUILT_PRODUCTS_DIR; };
		309BF6E31B30275700C550FB /* Info.plist */ = {isa = PBXFileReference; lastKnownFileType = text.plist.xml; path = Info.plist; sourceTree = "<group>"; };
		309BF6E41B30275700C550FB /* main.m */ = {isa = PBXFileReference; lastKnownFileType = sourcecode.c.objc; path = main.m; sourceTree = "<group>"; };
		309BF6E61B30275700C550FB /* AppDelegate.h */ = {isa = PBXFileReference; lastKnownFileType = sourcecode.c.h; path = AppDelegate.h; sourceTree = "<group>"; };
		309BF6E71B30275700C550FB /* AppDelegate.m */ = {isa = PBXFileReference; lastKnownFileType = sourcecode.c.objc; path = AppDelegate.m; sourceTree = "<group>"; };
		309BF6E91B30275700C550FB /* ViewController.h */ = {isa = PBXFileReference; lastKnownFileType = sourcecode.c.h; path = ViewController.h; sourceTree = "<group>"; };
		309BF6EA1B30275700C550FB /* ViewController.m */ = {isa = PBXFileReference; lastKnownFileType = sourcecode.c.objc; path = ViewController.m; sourceTree = "<group>"; };
		309BF6ED1B30275700C550FB /* Base */ = {isa = PBXFileReference; lastKnownFileType = file.storyboard; name = Base; path = Base.lproj/Main.storyboard; sourceTree = "<group>"; };
		309BF6EF1B30275700C550FB /* Images.xcassets */ = {isa = PBXFileReference; lastKnownFileType = folder.assetcatalog; path = Images.xcassets; sourceTree = "<group>"; };
		309BF6F21B30275700C550FB /* Base */ = {isa = PBXFileReference; lastKnownFileType = file.xib; name = Base; path = Base.lproj/LaunchScreen.xib; sourceTree = "<group>"; };
		309BF6F81B30275800C550FB /* PyhisicalAnimationStudyTests.xctest */ = {isa = PBXFileReference; explicitFileType = wrapper.cfbundle; includeInIndex = 0; path = PyhisicalAnimationStudyTests.xctest; sourceTree = BUILT_PRODUCTS_DIR; };
		309BF6FD1B30275800C550FB /* Info.plist */ = {isa = PBXFileReference; lastKnownFileType = text.plist.xml; path = Info.plist; sourceTree = "<group>"; };
		309BF6FE1B30275800C550FB /* PyhisicalAnimationStudyTests.m */ = {isa = PBXFileReference; lastKnownFileType = sourcecode.c.objc; path = PyhisicalAnimationStudyTests.m; sourceTree = "<group>"; };
		309BF7081B302DBF00C550FB /* MotionBall.h */ = {isa = PBXFileReference; fileEncoding = 4; lastKnownFileType = sourcecode.c.h; path = MotionBall.h; sourceTree = "<group>"; };
		309BF7091B302DBF00C550FB /* MotionBall.m */ = {isa = PBXFileReference; fileEncoding = 4; lastKnownFileType = sourcecode.c.objc; path = MotionBall.m; sourceTree = "<group>"; };
/* End PBXFileReference section */

/* Begin PBXFrameworksBuildPhase section */
		309BF6DC1B30275700C550FB /* Frameworks */ = {
			isa = PBXFrameworksBuildPhase;
			buildActionMask = 2147483647;
			files = (
			);
			runOnlyForDeploymentPostprocessing = 0;
		};
		309BF6F51B30275800C550FB /* Frameworks */ = {
			isa = PBXFrameworksBuildPhase;
			buildActionMask = 2147483647;
			files = (
			);
			runOnlyForDeploymentPostprocessing = 0;
		};
/* End PBXFrameworksBuildPhase section */

/* Begin PBXGroup section */
		309BF6D61B30275700C550FB = {
			isa = PBXGroup;
			children = (
				309BF6E11B30275700C550FB /* PyhisicalAnimationStudy */,
				309BF6FB1B30275800C550FB /* PyhisicalAnimationStudyTests */,
				309BF6E01B30275700C550FB /* Products */,
			);
			sourceTree = "<group>";
		};
		309BF6E01B30275700C550FB /* Products */ = {
			isa = PBXGroup;
			children = (
				309BF6DF1B30275700C550FB /* PyhisicalAnimationStudy.app */,
				309BF6F81B30275800C550FB /* PyhisicalAnimationStudyTests.xctest */,
			);
			name = Products;
			sourceTree = "<group>";
		};
		309BF6E11B30275700C550FB /* PyhisicalAnimationStudy */ = {
			isa = PBXGroup;
			children = (
				309BF6E61B30275700C550FB /* AppDelegate.h */,
				309BF6E71B30275700C550FB /* AppDelegate.m */,
				309BF6E91B30275700C550FB /* ViewController.h */,
				309BF6EA1B30275700C550FB /* ViewController.m */,
				309BF70D1B302F5C00C550FB /* Views */,
				309BF70C1B302F5500C550FB /* Models */,
				309BF70B1B302F4800C550FB /* Controllers */,
				309BF6EC1B30275700C550FB /* Main.storyboard */,
				309BF6EF1B30275700C550FB /* Images.xcassets */,
				309BF6F11B30275700C550FB /* LaunchScreen.xib */,
				309BF6E21B30275700C550FB /* Supporting Files */,
			);
			path = PyhisicalAnimationStudy;
			sourceTree = "<group>";
		};
		309BF6E21B30275700C550FB /* Supporting Files */ = {
			isa = PBXGroup;
			children = (
				309BF6E31B30275700C550FB /* Info.plist */,
				309BF6E41B30275700C550FB /* main.m */,
			);
			name = "Supporting Files";
			sourceTree = "<group>";
		};
		309BF6FB1B30275800C550FB /* PyhisicalAnimationStudyTests */ = {
			isa = PBXGroup;
			children = (
				309BF6FE1B30275800C550FB /* PyhisicalAnimationStudyTests.m */,
				309BF6FC1B30275800C550FB /* Supporting Files */,
			);
			path = PyhisicalAnimationStudyTests;
			sourceTree = "<group>";
		};
		309BF6FC1B30275800C550FB /* Supporting Files */ = {
			isa = PBXGroup;
			children = (
				309BF6FD1B30275800C550FB /* Info.plist */,
			);
			name = "Supporting Files";
			sourceTree = "<group>";
		};
		309BF70B1B302F4800C550FB /* Controllers */ = {
			isa = PBXGroup;
			children = (
			);
			name = Controllers;
			sourceTree = "<group>";
		};
		309BF70C1B302F5500C550FB /* Models */ = {
			isa = PBXGroup;
			children = (
			);
			name = Models;
			sourceTree = "<group>";
		};
		309BF70D1B302F5C00C550FB /* Views */ = {
			isa = PBXGroup;
			children = (
				309BF7081B302DBF00C550FB /* MotionBall.h */,
				309BF7091B302DBF00C550FB /* MotionBall.m */,
			);
			name = Views;
			sourceTree = "<group>";
		};
/* End PBXGroup section */

/* Begin PBXNativeTarget section */
		309BF6DE1B30275700C550FB /* PyhisicalAnimationStudy */ = {
			isa = PBXNativeTarget;
			buildConfigurationList = 309BF7021B30275800C550FB /* Build configuration list for PBXNativeTarget "PyhisicalAnimationStudy" */;
			buildPhases = (
				309BF6DB1B30275700C550FB /* Sources */,
				309BF6DC1B30275700C550FB /* Frameworks */,
				309BF6DD1B30275700C550FB /* Resources */,
			);
			buildRules = (
			);
			dependencies = (
			);
			name = PyhisicalAnimationStudy;
			productName = PyhisicalAnimationStudy;
			productReference = 309BF6DF1B30275700C550FB /* PyhisicalAnimationStudy.app */;
			productType = "com.apple.product-type.application";
		};
		309BF6F71B30275800C550FB /* PyhisicalAnimationStudyTests */ = {
			isa = PBXNativeTarget;
			buildConfigurationList = 309BF7051B30275800C550FB /* Build configuration list for PBXNativeTarget "PyhisicalAnimationStudyTests" */;
			buildPhases = (
				309BF6F41B30275800C550FB /* Sources */,
				309BF6F51B30275800C550FB /* Frameworks */,
				309BF6F61B30275800C550FB /* Resources */,
			);
			buildRules = (
			);
			dependencies = (
				309BF6FA1B30275800C550FB /* PBXTargetDependency */,
			);
			name = PyhisicalAnimationStudyTests;
			productName = PyhisicalAnimationStudyTests;
			productReference = 309BF6F81B30275800C550FB /* PyhisicalAnimationStudyTests.xctest */;
			productType = "com.apple.product-type.bundle.unit-test";
		};
/* End PBXNativeTarget section */

/* Begin PBXProject section */
		309BF6D71B30275700C550FB /* Project object */ = {
			isa = PBXProject;
			attributes = {
				LastUpgradeCheck = 0620;
				ORGANIZATIONNAME = PSYDemo;
				TargetAttributes = {
					309BF6DE1B30275700C550FB = {
						CreatedOnToolsVersion = 6.2;
					};
					309BF6F71B30275800C550FB = {
						CreatedOnToolsVersion = 6.2;
						TestTargetID = 309BF6DE1B30275700C550FB;
					};
				};
			};
			buildConfigurationList = 309BF6DA1B30275700C550FB /* Build configuration list for PBXProject "PyhisicalAnimationStudy" */;
			compatibilityVersion = "Xcode 3.2";
			developmentRegion = English;
			hasScannedForEncodings = 0;
			knownRegions = (
				en,
				Base,
			);
			mainGroup = 309BF6D61B30275700C550FB;
			productRefGroup = 309BF6E01B30275700C550FB /* Products */;
			projectDirPath = "";
			projectRoot = "";
			targets = (
				309BF6DE1B30275700C550FB /* PyhisicalAnimationStudy */,
				309BF6F71B30275800C550FB /* PyhisicalAnimationStudyTests */,
			);
		};
/* End PBXProject section */

/* Begin PBXResourcesBuildPhase section */
		309BF6DD1B30275700C550FB /* Resources */ = {
			isa = PBXResourcesBuildPhase;
			buildActionMask = 2147483647;
			files = (
				309BF6EE1B30275700C550FB /* Main.storyboard in Resources */,
				309BF6F31B30275700C550FB /* LaunchScreen.xib in Resources */,
				309BF6F01B30275700C550FB /* Images.xcassets in Resources */,
			);
			runOnlyForDeploymentPostprocessing = 0;
		};
		309BF6F61B30275800C550FB /* Resources */ = {
			isa = PBXResourcesBuildPhase;
			buildActionMask = 2147483647;
			files = (
			);
			runOnlyForDeploymentPostprocessing = 0;
		};
/* End PBXResourcesBuildPhase section */

/* Begin PBXSourcesBuildPhase section */
		309BF6DB1B30275700C550FB /* Sources */ = {
			isa = PBXSourcesBuildPhase;
			buildActionMask = 2147483647;
			files = (
				309BF70A1B302DBF00C550FB /* MotionBall.m in Sources */,
				309BF6EB1B30275700C550FB /* ViewController.m in Sources */,
				309BF6E81B30275700C550FB /* AppDelegate.m in Sources */,
				309BF6E51B30275700C550FB /* main.m in Sources */,
			);
			runOnlyForDeploymentPostprocessing = 0;
		};
		309BF6F41B30275800C550FB /* Sources */ = {
			isa = PBXSourcesBuildPhase;
			buildActionMask = 2147483647;
			files = (
				309BF6FF1B30275800C550FB /* PyhisicalAnimationStudyTests.m in Sources */,
			);
			runOnlyForDeploymentPostprocessing = 0;
		};
/* End PBXSourcesBuildPhase section */

/* Begin PBXTargetDependency section */
		309BF6FA1B30275800C550FB /* PBXTargetDependency */ = {
			isa = PBXTargetDependency;
			target = 309BF6DE1B30275700C550FB /* PyhisicalAnimationStudy */;
			targetProxy = 309BF6F91B30275800C550FB /* PBXContainerItemProxy */;
		};
/* End PBXTargetDependency section */

/* Begin PBXVariantGroup section */
		309BF6EC1B30275700C550FB /* Main.storyboard */ = {
			isa = PBXVariantGroup;
			children = (
				309BF6ED1B30275700C550FB /* Base */,
			);
			name = Main.storyboard;
			sourceTree = "<group>";
		};
		309BF6F11B30275700C550FB /* LaunchScreen.xib */ = {
			isa = PBXVariantGroup;
			children = (
				309BF6F21B30275700C550FB /* Base */,
			);
			name = LaunchScreen.xib;
			sourceTree = "<group>";
		};
/* End PBXVariantGroup section */

/* Begin XCBuildConfiguration section */
		309BF7001B30275800C550FB /* Debug */ = {
			isa = XCBuildConfiguration;
			buildSettings = {
				ALWAYS_SEARCH_USER_PATHS = NO;
				CLANG_CXX_LANGUAGE_STANDARD = "gnu++0x";
				CLANG_CXX_LIBRARY = "libc++";
				CLANG_ENABLE_MODULES = YES;
				CLANG_ENABLE_OBJC_ARC = YES;
				CLANG_WARN_BOOL_CONVERSION = YES;
				CLANG_WARN_CONSTANT_CONVERSION = YES;
				CLANG_WARN_DIRECT_OBJC_ISA_USAGE = YES_ERROR;
				CLANG_WARN_EMPTY_BODY = YES;
				CLANG_WARN_ENUM_CONVERSION = YES;
				CLANG_WARN_INT_CONVERSION = YES;
				CLANG_WARN_OBJC_ROOT_CLASS = YES_ERROR;
				CLANG_WARN_UNREACHABLE_CODE = YES;
				CLANG_WARN__DUPLICATE_METHOD_MATCH = YES;
				"CODE_SIGN_IDENTITY[sdk=iphoneos*]" = "iPhone Developer";
				COPY_PHASE_STRIP = NO;
				ENABLE_STRICT_OBJC_MSGSEND = YES;
				GCC_C_LANGUAGE_STANDARD = gnu99;
				GCC_DYNAMIC_NO_PIC = NO;
				GCC_OPTIMIZATION_LEVEL = 0;
				GCC_PREPROCESSOR_DEFINITIONS = (
					"DEBUG=1",
					"$(inherited)",
				);
				GCC_SYMBOLS_PRIVATE_EXTERN = NO;
				GCC_WARN_64_TO_32_BIT_CONVERSION = YES;
				GCC_WARN_ABOUT_RETURN_TYPE = YES_ERROR;
				GCC_WARN_UNDECLARED_SELECTOR = YES;
				GCC_WARN_UNINITIALIZED_AUTOS = YES_AGGRESSIVE;
				GCC_WARN_UNUSED_FUNCTION = YES;
				GCC_WARN_UNUSED_VARIABLE = YES;
				IPHONEOS_DEPLOYMENT_TARGET = 6.1;
				MTL_ENABLE_DEBUG_INFO = YES;
				ONLY_ACTIVE_ARCH = YES;
				SDKROOT = iphoneos;
			};
			name = Debug;
		};
		309BF7011B30275800C550FB /* Release */ = {
			isa = XCBuildConfiguration;
			buildSettings = {
				ALWAYS_SEARCH_USER_PATHS = NO;
				CLANG_CXX_LANGUAGE_STANDARD = "gnu++0x";
				CLANG_CXX_LIBRARY = "libc++";
				CLANG_ENABLE_MODULES = YES;
				CLANG_ENABLE_OBJC_ARC = YES;
				CLANG_WARN_BOOL_CONVERSION = YES;
				CLANG_WARN_CONSTANT_CONVERSION = YES;
				CLANG_WARN_DIRECT_OBJC_ISA_USAGE = YES_ERROR;
				CLANG_WARN_EMPTY_BODY = YES;
				CLANG_WARN_ENUM_CONVERSION = YES;
				CLANG_WARN_INT_CONVERSION = YES;
				CLANG_WARN_OBJC_ROOT_CLASS = YES_ERROR;
				CLANG_WARN_UNREACHABLE_CODE = YES;
				CLANG_WARN__DUPLICATE_METHOD_MATCH = YES;
				"CODE_SIGN_IDENTITY[sdk=iphoneos*]" = "iPhone Developer";
				COPY_PHASE_STRIP = NO;
				ENABLE_NS_ASSERTIONS = NO;
				ENABLE_STRICT_OBJC_MSGSEND = YES;
				GCC_C_LANGUAGE_STANDARD = gnu99;
				GCC_WARN_64_TO_32_BIT_CONVERSION = YES;
				GCC_WARN_ABOUT_RETURN_TYPE = YES_ERROR;
				GCC_WARN_UNDECLARED_SELECTOR = YES;
				GCC_WARN_UNINITIALIZED_AUTOS = YES_AGGRESSIVE;
				GCC_WARN_UNUSED_FUNCTION = YES;
				GCC_WARN_UNUSED_VARIABLE = YES;
				IPHONEOS_DEPLOYMENT_TARGET = 6.1;
				MTL_ENABLE_DEBUG_INFO = NO;
				SDKROOT = iphoneos;
				VALIDATE_PRODUCT = YES;
			};
			name = Release;
		};
		309BF7031B30275800C550FB /* Debug */ = {
			isa = XCBuildConfiguration;
			buildSettings = {
				ASSETCATALOG_COMPILER_APPICON_NAME = AppIcon;
				INFOPLIST_FILE = PyhisicalAnimationStudy/Info.plist;
				IPHONEOS_DEPLOYMENT_TARGET = 6.0;
				LD_RUNPATH_SEARCH_PATHS = "$(inherited) @executable_path/Frameworks";
				PRODUCT_NAME = "$(TARGET_NAME)";
			};
			name = Debug;
		};
		309BF7041B30275800C550FB /* Release */ = {
			isa = XCBuildConfiguration;
			buildSettings = {
				ASSETCATALOG_COMPILER_APPICON_NAME = AppIcon;
				INFOPLIST_FILE = PyhisicalAnimationStudy/Info.plist;
				IPHONEOS_DEPLOYMENT_TARGET = 6.0;
				LD_RUNPATH_SEARCH_PATHS = "$(inherited) @executable_path/Frameworks";
				PRODUCT_NAME = "$(TARGET_NAME)";
			};
			name = Release;
		};
		309BF7061B30275800C550FB /* Debug */ = {
			isa = XCBuildConfiguration;
			buildSettings = {
				BUNDLE_LOADER = "$(TEST_HOST)";
				FRAMEWORK_SEARCH_PATHS = (
					"$(SDKROOT)/Developer/Library/Frameworks",
					"$(inherited)",
				);
				GCC_PREPROCESSOR_DEFINITIONS = (
					"DEBUG=1",
					"$(inherited)",
				);
				INFOPLIST_FILE = PyhisicalAnimationStudyTests/Info.plist;
				LD_RUNPATH_SEARCH_PATHS = "$(inherited) @executable_path/Frameworks @loader_path/Frameworks";
				PRODUCT_NAME = "$(TARGET_NAME)";
				TEST_HOST = "$(BUILT_PRODUCTS_DIR)/PyhisicalAnimationStudy.app/PyhisicalAnimationStudy";
			};
			name = Debug;
		};
		309BF7071B30275800C550FB /* Release */ = {
			isa = XCBuildConfiguration;
			buildSettings = {
				BUNDLE_LOADER = "$(TEST_HOST)";
				FRAMEWORK_SEARCH_PATHS = (
					"$(SDKROOT)/Developer/Library/Frameworks",
					"$(inherited)",
				);
				INFOPLIST_FILE = PyhisicalAnimationStudyTests/Info.plist;
				LD_RUNPATH_SEARCH_PATHS = "$(inherited) @executable_path/Frameworks @loader_path/Frameworks";
				PRODUCT_NAME = "$(TARGET_NAME)";
				TEST_HOST = "$(BUILT_PRODUCTS_DIR)/PyhisicalAnimationStudy.app/PyhisicalAnimationStudy";
			};
			name = Release;
		};
/* End XCBuildConfiguration section */

/* Begin XCConfigurationList section */
		309BF6DA1B30275700C550FB /* Build configuration list for PBXProject "PyhisicalAnimationStudy" */ = {
			isa = XCConfigurationList;
			buildConfigurations = (
				309BF7001B30275800C550FB /* Debug */,
				309BF7011B30275800C550FB /* Release */,
			);
			defaultConfigurationIsVisible = 0;
			defaultConfigurationName = Release;
		};
		309BF7021B30275800C550FB /* Build configuration list for PBXNativeTarget "PyhisicalAnimationStudy" */ = {
			isa = XCConfigurationList;
			buildConfigurations = (
				309BF7031B30275800C550FB /* Debug */,
				309BF7041B30275800C550FB /* Release */,
			);
			defaultConfigurationIsVisible = 0;
		};
		309BF7051B30275800C550FB /* Build configuration list for PBXNativeTarget "PyhisicalAnimationStudyTests" */ = {
			isa = XCConfigurationList;
			buildConfigurations = (
				309BF7061B30275800C550FB /* Debug */,
				309BF7071B30275800C550FB /* Release */,
			);
			defaultConfigurationIsVisible = 0;
		};
/* End XCConfigurationList section */
	};
	rootObject = 309BF6D71B30275700C550FB /* Project object */;
}
